// !$*UTF8*$!
{
	archiveVersion = 1;
	classes = {
	};
	objectVersion = 46;
	objects = {

/* Begin PBXBuildFile section */
		000C9B281C90326C009D6EE0 /* TestNetworkDAO.m in Sources */ = {isa = PBXBuildFile; fileRef = 000C9B271C90326C009D6EE0 /* TestNetworkDAO.m */; };
		000D80401B4A63B2007DE5AE /* bg.jpg in Resources */ = {isa = PBXBuildFile; fileRef = 000D803F1B4A63B2007DE5AE /* bg.jpg */; };
		002D864D1B462EA300D1D729 /* Boss.m in Sources */ = {isa = PBXBuildFile; fileRef = 002D862E1B462EA300D1D729 /* Boss.m */; };
		002D864E1B462EA300D1D729 /* BossLocalDao.m in Sources */ = {isa = PBXBuildFile; fileRef = 002D86301B462EA300D1D729 /* BossLocalDao.m */; };
		002D864F1B462EA300D1D729 /* HDBDatasource.m in Sources */ = {isa = PBXBuildFile; fileRef = 002D86321B462EA300D1D729 /* HDBDatasource.m */; };
		002D86501B462EA300D1D729 /* HAccess1.sqlite in Resources */ = {isa = PBXBuildFile; fileRef = 002D86331B462EA300D1D729 /* HAccess1.sqlite */; };
		002D86511B462EA300D1D729 /* HAccess2.sqlite in Resources */ = {isa = PBXBuildFile; fileRef = 002D86341B462EA300D1D729 /* HAccess2.sqlite */; };
		002D86551B462EA300D1D729 /* Student.m in Sources */ = {isa = PBXBuildFile; fileRef = 002D863E1B462EA300D1D729 /* Student.m */; };
		002D86561B462EA300D1D729 /* StudentLocalDao.m in Sources */ = {isa = PBXBuildFile; fileRef = 002D86401B462EA300D1D729 /* StudentLocalDao.m */; };
		002D86571B462EA300D1D729 /* User.m in Sources */ = {isa = PBXBuildFile; fileRef = 002D86421B462EA300D1D729 /* User.m */; };
		002D86581B462EA300D1D729 /* UserLocalDao.m in Sources */ = {isa = PBXBuildFile; fileRef = 002D86441B462EA300D1D729 /* UserLocalDao.m */; };
		002D865C1B465ABC00D1D729 /* MenuVC.m in Sources */ = {isa = PBXBuildFile; fileRef = 002D865B1B465ABC00D1D729 /* MenuVC.m */; };
		002D866D1B465BFA00D1D729 /* HDatabaseDAO.m in Sources */ = {isa = PBXBuildFile; fileRef = 002D86601B465BFA00D1D729 /* HDatabaseDAO.m */; };
		002D866E1B465BFA00D1D729 /* HDBMgr.m in Sources */ = {isa = PBXBuildFile; fileRef = 002D86621B465BFA00D1D729 /* HDBMgr.m */; };
		002D866F1B465BFA00D1D729 /* HEntity.m in Sources */ = {isa = PBXBuildFile; fileRef = 002D86651B465BFA00D1D729 /* HEntity.m */; };
		002D86781B46616300D1D729 /* NetworkDaoTestVC.m in Sources */ = {isa = PBXBuildFile; fileRef = 002D86771B46616300D1D729 /* NetworkDaoTestVC.m */; };
		00350FEB1C9FDD7E00CDF06B /* HNProvider_AF2.m in Sources */ = {isa = PBXBuildFile; fileRef = 00350FEA1C9FDD7E00CDF06B /* HNProvider_AF2.m */; };
		00350FEE1C9FE27300CDF06B /* HNetworkMultiDataObj.m in Sources */ = {isa = PBXBuildFile; fileRef = 00350FED1C9FE27300CDF06B /* HNetworkMultiDataObj.m */; };
		00769C111BA866980022878B /* HPropertyMgr.m in Sources */ = {isa = PBXBuildFile; fileRef = 00769C101BA866980022878B /* HPropertyMgr.m */; };
		00786CFB1B96D0F4005A8247 /* TestEntity1.m in Sources */ = {isa = PBXBuildFile; fileRef = 00786CFA1B96D0F4005A8247 /* TestEntity1.m */; };
		00856BCB1C867CDE00AC73CD /* HDeserializableObject.m in Sources */ = {isa = PBXBuildFile; fileRef = 00856BCA1C867CDE00AC73CD /* HDeserializableObject.m */; };
		00AB00A21CA4DDF700D28CDA /* HNSystemCacheStrategy.m in Sources */ = {isa = PBXBuildFile; fileRef = 00AB00A11CA4DDF700D28CDA /* HNSystemCacheStrategy.m */; };
		00AB00A51CA4DE2A00D28CDA /* HNCustomCacheStrategy.m in Sources */ = {isa = PBXBuildFile; fileRef = 00AB00A41CA4DE2A00D28CDA /* HNCustomCacheStrategy.m */; };
		00BC95CF1C27D3C30036B322 /* test.json in Resources */ = {isa = PBXBuildFile; fileRef = 00BC95CE1C27D3C30036B322 /* test.json */; };
		00DC44621C9BAD940036282E /* HEntity+Persistence.m in Sources */ = {isa = PBXBuildFile; fileRef = 00DC44611C9BAD940036282E /* HEntity+Persistence.m */; };
		00DD89211B462D6600214FD3 /* main.m in Sources */ = {isa = PBXBuildFile; fileRef = 00DD89201B462D6600214FD3 /* main.m */; };
		00DD89241B462D6600214FD3 /* AppDelegate.m in Sources */ = {isa = PBXBuildFile; fileRef = 00DD89231B462D6600214FD3 /* AppDelegate.m */; };
		00DD892C1B462D6600214FD3 /* Images.xcassets in Resources */ = {isa = PBXBuildFile; fileRef = 00DD892B1B462D6600214FD3 /* Images.xcassets */; };
		00E907851BAD11F600E10652 /* DeserializeDemo.m in Sources */ = {isa = PBXBuildFile; fileRef = 00E907841BAD11F600E10652 /* DeserializeDemo.m */; };
		9E68062C1C9BEBB700519539 /* HNetworkDAO.m in Sources */ = {isa = PBXBuildFile; fileRef = 9E6806241C9BEBB700519539 /* HNetworkDAO.m */; };
		9E68062D1C9BEBB700519539 /* HNQueueManager.m in Sources */ = {isa = PBXBuildFile; fileRef = 9E6806261C9BEBB700519539 /* HNQueueManager.m */; };
		9E68062E1C9BEBB700519539 /* HNJsonDeserializer.m in Sources */ = {isa = PBXBuildFile; fileRef = 9E6806281C9BEBB700519539 /* HNJsonDeserializer.m */; };
		9E68062F1C9BEBB700519539 /* HNPBDeseriralizer.m in Sources */ = {isa = PBXBuildFile; fileRef = 9E68062B1C9BEBB700519539 /* HNPBDeseriralizer.m */; };
		9EF847661C92637900202D0E /* PBNetworkDaoTestVC.m in Sources */ = {isa = PBXBuildFile; fileRef = 9EF847651C92637900202D0E /* PBNetworkDaoTestVC.m */; };
		9EF847701C92680400202D0E /* Person.pbobjc.m in Sources */ = {isa = PBXBuildFile; fileRef = 9EF8476F1C92680400202D0E /* Person.pbobjc.m */; settings = {COMPILER_FLAGS = "-fno-objc-arc"; }; };
		9EF8822A1C8816D300238751 /* HNetworkDAO.bundle in Resources */ = {isa = PBXBuildFile; fileRef = 9EF882291C8816D300238751 /* HNetworkDAO.bundle */; };
		9EFFCCC91C945F96008764E8 /* PBTestNetworkDAO.m in Sources */ = {isa = PBXBuildFile; fileRef = 9EFFCCC81C945F96008764E8 /* PBTestNetworkDAO.m */; };
		9EFFCCCF1C950BC7008764E8 /* User.pbobjc.m in Sources */ = {isa = PBXBuildFile; fileRef = 9EFFCCCE1C950BC7008764E8 /* User.pbobjc.m */; settings = {COMPILER_FLAGS = "-fno-objc-arc"; }; };
		9EFFCCD21C950FEA008764E8 /* Photo.pbobjc.m in Sources */ = {isa = PBXBuildFile; fileRef = 9EFFCCD11C950FEA008764E8 /* Photo.pbobjc.m */; settings = {COMPILER_FLAGS = "-fno-objc-arc"; }; };
		B233A7CDA81ACF4EA36DFB69 /* libPods.a in Frameworks */ = {isa = PBXBuildFile; fileRef = 99CAB5AA2A23FAC518F6E98C /* libPods.a */; };
/* End PBXBuildFile section */

/* Begin PBXFileReference section */
		000C9B261C90326C009D6EE0 /* TestNetworkDAO.h */ = {isa = PBXFileReference; fileEncoding = 4; lastKnownFileType = sourcecode.c.h; path = TestNetworkDAO.h; sourceTree = "<group>"; };
		000C9B271C90326C009D6EE0 /* TestNetworkDAO.m */ = {isa = PBXFileReference; fileEncoding = 4; lastKnownFileType = sourcecode.c.objc; path = TestNetworkDAO.m; sourceTree = "<group>"; };
		000D803F1B4A63B2007DE5AE /* bg.jpg */ = {isa = PBXFileReference; lastKnownFileType = image.jpeg; path = bg.jpg; sourceTree = "<group>"; };
		002D862D1B462EA300D1D729 /* Boss.h */ = {isa = PBXFileReference; fileEncoding = 4; lastKnownFileType = sourcecode.c.h; path = Boss.h; sourceTree = "<group>"; };
		002D862E1B462EA300D1D729 /* Boss.m */ = {isa = PBXFileReference; fileEncoding = 4; lastKnownFileType = sourcecode.c.objc; path = Boss.m; sourceTree = "<group>"; };
		002D862F1B462EA300D1D729 /* BossLocalDao.h */ = {isa = PBXFileReference; fileEncoding = 4; lastKnownFileType = sourcecode.c.h; path = BossLocalDao.h; sourceTree = "<group>"; };
		002D86301B462EA300D1D729 /* BossLocalDao.m */ = {isa = PBXFileReference; fileEncoding = 4; lastKnownFileType = sourcecode.c.objc; path = BossLocalDao.m; sourceTree = "<group>"; };
		002D86311B462EA300D1D729 /* HDBDatasource.h */ = {isa = PBXFileReference; fileEncoding = 4; lastKnownFileType = sourcecode.c.h; path = HDBDatasource.h; sourceTree = "<group>"; };
		002D86321B462EA300D1D729 /* HDBDatasource.m */ = {isa = PBXFileReference; fileEncoding = 4; lastKnownFileType = sourcecode.c.objc; path = HDBDatasource.m; sourceTree = "<group>"; };
		002D86331B462EA300D1D729 /* HAccess1.sqlite */ = {isa = PBXFileReference; lastKnownFileType = file; path = HAccess1.sqlite; sourceTree = "<group>"; };
		002D86341B462EA300D1D729 /* HAccess2.sqlite */ = {isa = PBXFileReference; lastKnownFileType = file; path = HAccess2.sqlite; sourceTree = "<group>"; };
		002D863D1B462EA300D1D729 /* Student.h */ = {isa = PBXFileReference; fileEncoding = 4; lastKnownFileType = sourcecode.c.h; path = Student.h; sourceTree = "<group>"; };
		002D863E1B462EA300D1D729 /* Student.m */ = {isa = PBXFileReference; fileEncoding = 4; lastKnownFileType = sourcecode.c.objc; path = Student.m; sourceTree = "<group>"; };
		002D863F1B462EA300D1D729 /* StudentLocalDao.h */ = {isa = PBXFileReference; fileEncoding = 4; lastKnownFileType = sourcecode.c.h; path = StudentLocalDao.h; sourceTree = "<group>"; };
		002D86401B462EA300D1D729 /* StudentLocalDao.m */ = {isa = PBXFileReference; fileEncoding = 4; lastKnownFileType = sourcecode.c.objc; path = StudentLocalDao.m; sourceTree = "<group>"; };
		002D86411B462EA300D1D729 /* User.h */ = {isa = PBXFileReference; fileEncoding = 4; lastKnownFileType = sourcecode.c.h; path = User.h; sourceTree = "<group>"; };
		002D86421B462EA300D1D729 /* User.m */ = {isa = PBXFileReference; fileEncoding = 4; lastKnownFileType = sourcecode.c.objc; path = User.m; sourceTree = "<group>"; };
		002D86431B462EA300D1D729 /* UserLocalDao.h */ = {isa = PBXFileReference; fileEncoding = 4; lastKnownFileType = sourcecode.c.h; path = UserLocalDao.h; sourceTree = "<group>"; };
		002D86441B462EA300D1D729 /* UserLocalDao.m */ = {isa = PBXFileReference; fileEncoding = 4; lastKnownFileType = sourcecode.c.objc; path = UserLocalDao.m; sourceTree = "<group>"; };
		002D865A1B465ABC00D1D729 /* MenuVC.h */ = {isa = PBXFileReference; fileEncoding = 4; lastKnownFileType = sourcecode.c.h; path = MenuVC.h; sourceTree = "<group>"; };
		002D865B1B465ABC00D1D729 /* MenuVC.m */ = {isa = PBXFileReference; fileEncoding = 4; lastKnownFileType = sourcecode.c.objc; path = MenuVC.m; sourceTree = "<group>"; };
		002D865F1B465BFA00D1D729 /* HDatabaseDAO.h */ = {isa = PBXFileReference; fileEncoding = 4; lastKnownFileType = sourcecode.c.h; path = HDatabaseDAO.h; sourceTree = "<group>"; };
		002D86601B465BFA00D1D729 /* HDatabaseDAO.m */ = {isa = PBXFileReference; fileEncoding = 4; lastKnownFileType = sourcecode.c.objc; path = HDatabaseDAO.m; sourceTree = "<group>"; };
		002D86611B465BFA00D1D729 /* HDBMgr.h */ = {isa = PBXFileReference; fileEncoding = 4; lastKnownFileType = sourcecode.c.h; path = HDBMgr.h; sourceTree = "<group>"; };
		002D86621B465BFA00D1D729 /* HDBMgr.m */ = {isa = PBXFileReference; fileEncoding = 4; lastKnownFileType = sourcecode.c.objc; path = HDBMgr.m; sourceTree = "<group>"; };
		002D86641B465BFA00D1D729 /* HEntity.h */ = {isa = PBXFileReference; fileEncoding = 4; lastKnownFileType = sourcecode.c.h; path = HEntity.h; sourceTree = "<group>"; };
		002D86651B465BFA00D1D729 /* HEntity.m */ = {isa = PBXFileReference; fileEncoding = 4; lastKnownFileType = sourcecode.c.objc; path = HEntity.m; sourceTree = "<group>"; };
		002D86761B46616300D1D729 /* NetworkDaoTestVC.h */ = {isa = PBXFileReference; fileEncoding = 4; lastKnownFileType = sourcecode.c.h; path = NetworkDaoTestVC.h; sourceTree = "<group>"; };
		002D86771B46616300D1D729 /* NetworkDaoTestVC.m */ = {isa = PBXFileReference; fileEncoding = 4; lastKnownFileType = sourcecode.c.objc; path = NetworkDaoTestVC.m; sourceTree = "<group>"; };
		00350FE81C9FD61A00CDF06B /* HNetworkProvider.h */ = {isa = PBXFileReference; fileEncoding = 4; lastKnownFileType = sourcecode.c.h; path = HNetworkProvider.h; sourceTree = "<group>"; };
		00350FE91C9FDD7E00CDF06B /* HNProvider_AF2.h */ = {isa = PBXFileReference; fileEncoding = 4; lastKnownFileType = sourcecode.c.h; path = HNProvider_AF2.h; sourceTree = "<group>"; };
		00350FEA1C9FDD7E00CDF06B /* HNProvider_AF2.m */ = {isa = PBXFileReference; fileEncoding = 4; lastKnownFileType = sourcecode.c.objc; path = HNProvider_AF2.m; sourceTree = "<group>"; };
		00350FEC1C9FE27300CDF06B /* HNetworkMultiDataObj.h */ = {isa = PBXFileReference; fileEncoding = 4; lastKnownFileType = sourcecode.c.h; path = HNetworkMultiDataObj.h; sourceTree = "<group>"; };
		00350FED1C9FE27300CDF06B /* HNetworkMultiDataObj.m */ = {isa = PBXFileReference; fileEncoding = 4; lastKnownFileType = sourcecode.c.objc; path = HNetworkMultiDataObj.m; sourceTree = "<group>"; };
		00769C0F1BA866980022878B /* HPropertyMgr.h */ = {isa = PBXFileReference; fileEncoding = 4; lastKnownFileType = sourcecode.c.h; path = HPropertyMgr.h; sourceTree = "<group>"; };
		00769C101BA866980022878B /* HPropertyMgr.m */ = {isa = PBXFileReference; fileEncoding = 4; lastKnownFileType = sourcecode.c.objc; path = HPropertyMgr.m; sourceTree = "<group>"; };
		00786CF91B96D0F4005A8247 /* TestEntity1.h */ = {isa = PBXFileReference; fileEncoding = 4; lastKnownFileType = sourcecode.c.h; path = TestEntity1.h; sourceTree = "<group>"; };
		00786CFA1B96D0F4005A8247 /* TestEntity1.m */ = {isa = PBXFileReference; fileEncoding = 4; lastKnownFileType = sourcecode.c.objc; path = TestEntity1.m; sourceTree = "<group>"; };
		00856BC91C867CDE00AC73CD /* HDeserializableObject.h */ = {isa = PBXFileReference; fileEncoding = 4; lastKnownFileType = sourcecode.c.h; path = HDeserializableObject.h; sourceTree = "<group>"; };
		00856BCA1C867CDE00AC73CD /* HDeserializableObject.m */ = {isa = PBXFileReference; fileEncoding = 4; lastKnownFileType = sourcecode.c.objc; path = HDeserializableObject.m; sourceTree = "<group>"; };
		00AB009F1CA4DDD200D28CDA /* HNCacheStrategy.h */ = {isa = PBXFileReference; lastKnownFileType = sourcecode.c.h; path = HNCacheStrategy.h; sourceTree = "<group>"; };
		00AB00A01CA4DDF700D28CDA /* HNSystemCacheStrategy.h */ = {isa = PBXFileReference; fileEncoding = 4; lastKnownFileType = sourcecode.c.h; path = HNSystemCacheStrategy.h; sourceTree = "<group>"; };
		00AB00A11CA4DDF700D28CDA /* HNSystemCacheStrategy.m */ = {isa = PBXFileReference; fileEncoding = 4; lastKnownFileType = sourcecode.c.objc; path = HNSystemCacheStrategy.m; sourceTree = "<group>"; };
		00AB00A31CA4DE2A00D28CDA /* HNCustomCacheStrategy.h */ = {isa = PBXFileReference; fileEncoding = 4; lastKnownFileType = sourcecode.c.h; path = HNCustomCacheStrategy.h; sourceTree = "<group>"; };
		00AB00A41CA4DE2A00D28CDA /* HNCustomCacheStrategy.m */ = {isa = PBXFileReference; fileEncoding = 4; lastKnownFileType = sourcecode.c.objc; path = HNCustomCacheStrategy.m; sourceTree = "<group>"; };
		00BC95CE1C27D3C30036B322 /* test.json */ = {isa = PBXFileReference; fileEncoding = 4; lastKnownFileType = text.json; path = test.json; sourceTree = "<group>"; };
		00DC44601C9BAD940036282E /* HEntity+Persistence.h */ = {isa = PBXFileReference; fileEncoding = 4; lastKnownFileType = sourcecode.c.h; path = "HEntity+Persistence.h"; sourceTree = "<group>"; };
		00DC44611C9BAD940036282E /* HEntity+Persistence.m */ = {isa = PBXFileReference; fileEncoding = 4; lastKnownFileType = sourcecode.c.objc; path = "HEntity+Persistence.m"; sourceTree = "<group>"; };
		00DD891B1B462D6600214FD3 /* HAccess.app */ = {isa = PBXFileReference; explicitFileType = wrapper.application; includeInIndex = 0; path = HAccess.app; sourceTree = BUILT_PRODUCTS_DIR; };
		00DD891F1B462D6600214FD3 /* Info.plist */ = {isa = PBXFileReference; lastKnownFileType = text.plist.xml; path = Info.plist; sourceTree = "<group>"; };
		00DD89201B462D6600214FD3 /* main.m */ = {isa = PBXFileReference; lastKnownFileType = sourcecode.c.objc; path = main.m; sourceTree = "<group>"; };
		00DD89221B462D6600214FD3 /* AppDelegate.h */ = {isa = PBXFileReference; lastKnownFileType = sourcecode.c.h; path = AppDelegate.h; sourceTree = "<group>"; };
		00DD89231B462D6600214FD3 /* AppDelegate.m */ = {isa = PBXFileReference; lastKnownFileType = sourcecode.c.objc; path = AppDelegate.m; sourceTree = "<group>"; };
		00DD892B1B462D6600214FD3 /* Images.xcassets */ = {isa = PBXFileReference; lastKnownFileType = folder.assetcatalog; path = Images.xcassets; sourceTree = "<group>"; };
		00E907831BAD11F600E10652 /* DeserializeDemo.h */ = {isa = PBXFileReference; fileEncoding = 4; lastKnownFileType = sourcecode.c.h; path = DeserializeDemo.h; sourceTree = "<group>"; };
		00E907841BAD11F600E10652 /* DeserializeDemo.m */ = {isa = PBXFileReference; fileEncoding = 4; lastKnownFileType = sourcecode.c.objc; path = DeserializeDemo.m; sourceTree = "<group>"; };
		63DFD70F3DB6B40DCC91924E /* Pods.release.xcconfig */ = {isa = PBXFileReference; includeInIndex = 1; lastKnownFileType = text.xcconfig; name = Pods.release.xcconfig; path = "Pods/Target Support Files/Pods/Pods.release.xcconfig"; sourceTree = "<group>"; };
		8B3F5E34E5262575100D707F /* Pods.debug.xcconfig */ = {isa = PBXFileReference; includeInIndex = 1; lastKnownFileType = text.xcconfig; name = Pods.debug.xcconfig; path = "Pods/Target Support Files/Pods/Pods.debug.xcconfig"; sourceTree = "<group>"; };
		99CAB5AA2A23FAC518F6E98C /* libPods.a */ = {isa = PBXFileReference; explicitFileType = archive.ar; includeInIndex = 0; path = libPods.a; sourceTree = BUILT_PRODUCTS_DIR; };
		9E6806221C9BEBB700519539 /* HNDeserializer.h */ = {isa = PBXFileReference; fileEncoding = 4; lastKnownFileType = sourcecode.c.h; path = HNDeserializer.h; sourceTree = "<group>"; };
		9E6806231C9BEBB700519539 /* HNetworkDAO.h */ = {isa = PBXFileReference; fileEncoding = 4; lastKnownFileType = sourcecode.c.h; path = HNetworkDAO.h; sourceTree = "<group>"; };
		9E6806241C9BEBB700519539 /* HNetworkDAO.m */ = {isa = PBXFileReference; fileEncoding = 4; lastKnownFileType = sourcecode.c.objc; path = HNetworkDAO.m; sourceTree = "<group>"; };
		9E6806251C9BEBB700519539 /* HNQueueManager.h */ = {isa = PBXFileReference; fileEncoding = 4; lastKnownFileType = sourcecode.c.h; path = HNQueueManager.h; sourceTree = "<group>"; };
		9E6806261C9BEBB700519539 /* HNQueueManager.m */ = {isa = PBXFileReference; fileEncoding = 4; lastKnownFileType = sourcecode.c.objc; path = HNQueueManager.m; sourceTree = "<group>"; };
		9E6806271C9BEBB700519539 /* HNJsonDeserializer.h */ = {isa = PBXFileReference; fileEncoding = 4; lastKnownFileType = sourcecode.c.h; path = HNJsonDeserializer.h; sourceTree = "<group>"; };
		9E6806281C9BEBB700519539 /* HNJsonDeserializer.m */ = {isa = PBXFileReference; fileEncoding = 4; lastKnownFileType = sourcecode.c.objc; path = HNJsonDeserializer.m; sourceTree = "<group>"; };
		9E68062A1C9BEBB700519539 /* HNPBDeseriralizer.h */ = {isa = PBXFileReference; fileEncoding = 4; lastKnownFileType = sourcecode.c.h; path = HNPBDeseriralizer.h; sourceTree = "<group>"; };
		9E68062B1C9BEBB700519539 /* HNPBDeseriralizer.m */ = {isa = PBXFileReference; fileEncoding = 4; lastKnownFileType = sourcecode.c.objc; path = HNPBDeseriralizer.m; sourceTree = "<group>"; };
		9EF847641C92637900202D0E /* PBNetworkDaoTestVC.h */ = {isa = PBXFileReference; fileEncoding = 4; lastKnownFileType = sourcecode.c.h; path = PBNetworkDaoTestVC.h; sourceTree = "<group>"; };
		9EF847651C92637900202D0E /* PBNetworkDaoTestVC.m */ = {isa = PBXFileReference; fileEncoding = 4; lastKnownFileType = sourcecode.c.objc; path = PBNetworkDaoTestVC.m; sourceTree = "<group>"; };
		9EF8476E1C92680400202D0E /* Person.pbobjc.h */ = {isa = PBXFileReference; fileEncoding = 4; lastKnownFileType = sourcecode.c.h; path = Person.pbobjc.h; sourceTree = "<group>"; };
		9EF8476F1C92680400202D0E /* Person.pbobjc.m */ = {isa = PBXFileReference; fileEncoding = 4; lastKnownFileType = sourcecode.c.objc; path = Person.pbobjc.m; sourceTree = "<group>"; };
		9EF882291C8816D300238751 /* HNetworkDAO.bundle */ = {isa = PBXFileReference; lastKnownFileType = "wrapper.plug-in"; path = HNetworkDAO.bundle; sourceTree = "<group>"; };
		9EFFCCC71C945F96008764E8 /* PBTestNetworkDAO.h */ = {isa = PBXFileReference; fileEncoding = 4; lastKnownFileType = sourcecode.c.h; path = PBTestNetworkDAO.h; sourceTree = "<group>"; };
		9EFFCCC81C945F96008764E8 /* PBTestNetworkDAO.m */ = {isa = PBXFileReference; fileEncoding = 4; lastKnownFileType = sourcecode.c.objc; path = PBTestNetworkDAO.m; sourceTree = "<group>"; };
		9EFFCCCD1C950BC7008764E8 /* User.pbobjc.h */ = {isa = PBXFileReference; fileEncoding = 4; lastKnownFileType = sourcecode.c.h; path = User.pbobjc.h; sourceTree = "<group>"; };
		9EFFCCCE1C950BC7008764E8 /* User.pbobjc.m */ = {isa = PBXFileReference; fileEncoding = 4; lastKnownFileType = sourcecode.c.objc; path = User.pbobjc.m; sourceTree = "<group>"; };
		9EFFCCD01C950FEA008764E8 /* Photo.pbobjc.h */ = {isa = PBXFileReference; fileEncoding = 4; lastKnownFileType = sourcecode.c.h; path = Photo.pbobjc.h; sourceTree = "<group>"; };
		9EFFCCD11C950FEA008764E8 /* Photo.pbobjc.m */ = {isa = PBXFileReference; fileEncoding = 4; lastKnownFileType = sourcecode.c.objc; path = Photo.pbobjc.m; sourceTree = "<group>"; };
/* End PBXFileReference section */

/* Begin PBXFrameworksBuildPhase section */
		00DD89181B462D6600214FD3 /* Frameworks */ = {
			isa = PBXFrameworksBuildPhase;
			buildActionMask = 2147483647;
			files = (
				B233A7CDA81ACF4EA36DFB69 /* libPods.a in Frameworks */,
			);
			runOnlyForDeploymentPostprocessing = 0;
		};
/* End PBXFrameworksBuildPhase section */

/* Begin PBXGroup section */
		0024389F1C30E0D4003F3CF9 /* dbtest */ = {
			isa = PBXGroup;
			children = (
				002D862D1B462EA300D1D729 /* Boss.h */,
				002D862E1B462EA300D1D729 /* Boss.m */,
				002D862F1B462EA300D1D729 /* BossLocalDao.h */,
				002D86301B462EA300D1D729 /* BossLocalDao.m */,
				002D86311B462EA300D1D729 /* HDBDatasource.h */,
				002D86321B462EA300D1D729 /* HDBDatasource.m */,
				002D86331B462EA300D1D729 /* HAccess1.sqlite */,
				002D86341B462EA300D1D729 /* HAccess2.sqlite */,
				002D863D1B462EA300D1D729 /* Student.h */,
				002D863E1B462EA300D1D729 /* Student.m */,
				002D863F1B462EA300D1D729 /* StudentLocalDao.h */,
				002D86401B462EA300D1D729 /* StudentLocalDao.m */,
				002D86411B462EA300D1D729 /* User.h */,
				002D86421B462EA300D1D729 /* User.m */,
				002D86431B462EA300D1D729 /* UserLocalDao.h */,
				002D86441B462EA300D1D729 /* UserLocalDao.m */,
			);
			name = dbtest;
			sourceTree = "<group>";
		};
		002438A01C30E0F3003F3CF9 /* deserial */ = {
			isa = PBXGroup;
			children = (
				00786CF91B96D0F4005A8247 /* TestEntity1.h */,
				00786CFA1B96D0F4005A8247 /* TestEntity1.m */,
				00E907831BAD11F600E10652 /* DeserializeDemo.h */,
				00E907841BAD11F600E10652 /* DeserializeDemo.m */,
			);
			name = deserial;
			sourceTree = "<group>";
		};
		002438A11C30E108003F3CF9 /* network */ = {
			isa = PBXGroup;
			children = (
				002D86761B46616300D1D729 /* NetworkDaoTestVC.h */,
				002D86771B46616300D1D729 /* NetworkDaoTestVC.m */,
				000C9B261C90326C009D6EE0 /* TestNetworkDAO.h */,
				000C9B271C90326C009D6EE0 /* TestNetworkDAO.m */,
				9EF847641C92637900202D0E /* PBNetworkDaoTestVC.h */,
				9EF847651C92637900202D0E /* PBNetworkDaoTestVC.m */,
				9EFFCCC71C945F96008764E8 /* PBTestNetworkDAO.h */,
				9EFFCCC81C945F96008764E8 /* PBTestNetworkDAO.m */,
			);
			name = network;
			sourceTree = "<group>";
		};
		002D862C1B462EA300D1D729 /* Demo */ = {
			isa = PBXGroup;
			children = (
				9EF847671C92650300202D0E /* PBEntity */,
				002438A11C30E108003F3CF9 /* network */,
				002438A01C30E0F3003F3CF9 /* deserial */,
				0024389F1C30E0D4003F3CF9 /* dbtest */,
				002D865A1B465ABC00D1D729 /* MenuVC.h */,
				002D865B1B465ABC00D1D729 /* MenuVC.m */,
				000D803F1B4A63B2007DE5AE /* bg.jpg */,
				00BC95CE1C27D3C30036B322 /* test.json */,
			);
			path = Demo;
			sourceTree = "<group>";
		};
		002D865D1B465BFA00D1D729 /* Classes */ = {
			isa = PBXGroup;
			children = (
				9E6806211C9BEBB700519539 /* Network */,
				9E6806291C9BEBB700519539 /* Network+Protobuf */,
				002D865E1B465BFA00D1D729 /* Database */,
				002D86631B465BFA00D1D729 /* Entity */,
			);
			path = Classes;
			sourceTree = "<group>";
		};
		002D865E1B465BFA00D1D729 /* Database */ = {
			isa = PBXGroup;
			children = (
				002D865F1B465BFA00D1D729 /* HDatabaseDAO.h */,
				002D86601B465BFA00D1D729 /* HDatabaseDAO.m */,
				002D86611B465BFA00D1D729 /* HDBMgr.h */,
				002D86621B465BFA00D1D729 /* HDBMgr.m */,
				00DC44601C9BAD940036282E /* HEntity+Persistence.h */,
				00DC44611C9BAD940036282E /* HEntity+Persistence.m */,
			);
			path = Database;
			sourceTree = "<group>";
		};
		002D86631B465BFA00D1D729 /* Entity */ = {
			isa = PBXGroup;
			children = (
				00856BC91C867CDE00AC73CD /* HDeserializableObject.h */,
				00856BCA1C867CDE00AC73CD /* HDeserializableObject.m */,
				002D86641B465BFA00D1D729 /* HEntity.h */,
				002D86651B465BFA00D1D729 /* HEntity.m */,
				00769C0F1BA866980022878B /* HPropertyMgr.h */,
				00769C101BA866980022878B /* HPropertyMgr.m */,
			);
			path = Entity;
			sourceTree = "<group>";
		};
		00AB009E1CA4DDC300D28CDA /* CacheStrategy */ = {
			isa = PBXGroup;
			children = (
				00AB009F1CA4DDD200D28CDA /* HNCacheStrategy.h */,
				00AB00A01CA4DDF700D28CDA /* HNSystemCacheStrategy.h */,
				00AB00A11CA4DDF700D28CDA /* HNSystemCacheStrategy.m */,
				00AB00A31CA4DE2A00D28CDA /* HNCustomCacheStrategy.h */,
				00AB00A41CA4DE2A00D28CDA /* HNCustomCacheStrategy.m */,
			);
			path = CacheStrategy;
			sourceTree = "<group>";
		};
		00DD89121B462D6600214FD3 = {
			isa = PBXGroup;
			children = (
				9EF882261C8814F400238751 /* Mock */,
				002D865D1B465BFA00D1D729 /* Classes */,
				002D862C1B462EA300D1D729 /* Demo */,
				00DD891D1B462D6600214FD3 /* HAccess */,
				00DD891C1B462D6600214FD3 /* Products */,
				6AB15CECE928247E4185CCCC /* Pods */,
				77E818DC0ADCB480589DA6AE /* Frameworks */,
			);
			sourceTree = "<group>";
		};
		00DD891C1B462D6600214FD3 /* Products */ = {
			isa = PBXGroup;
			children = (
				00DD891B1B462D6600214FD3 /* HAccess.app */,
			);
			name = Products;
			sourceTree = "<group>";
		};
		00DD891D1B462D6600214FD3 /* HAccess */ = {
			isa = PBXGroup;
			children = (
				00DD89221B462D6600214FD3 /* AppDelegate.h */,
				00DD89231B462D6600214FD3 /* AppDelegate.m */,
				00DD892B1B462D6600214FD3 /* Images.xcassets */,
				00DD891E1B462D6600214FD3 /* Supporting Files */,
			);
			path = HAccess;
			sourceTree = "<group>";
		};
		00DD891E1B462D6600214FD3 /* Supporting Files */ = {
			isa = PBXGroup;
			children = (
				00DD891F1B462D6600214FD3 /* Info.plist */,
				00DD89201B462D6600214FD3 /* main.m */,
			);
			name = "Supporting Files";
			sourceTree = "<group>";
		};
		6AB15CECE928247E4185CCCC /* Pods */ = {
			isa = PBXGroup;
			children = (
				8B3F5E34E5262575100D707F /* Pods.debug.xcconfig */,
				63DFD70F3DB6B40DCC91924E /* Pods.release.xcconfig */,
			);
			name = Pods;
			sourceTree = "<group>";
		};
		77E818DC0ADCB480589DA6AE /* Frameworks */ = {
			isa = PBXGroup;
			children = (
				99CAB5AA2A23FAC518F6E98C /* libPods.a */,
			);
			name = Frameworks;
			sourceTree = "<group>";
		};
		9E6806211C9BEBB700519539 /* Network */ = {
			isa = PBXGroup;
			children = (
				00AB009E1CA4DDC300D28CDA /* CacheStrategy */,
				9E6806231C9BEBB700519539 /* HNetworkDAO.h */,
				9E6806241C9BEBB700519539 /* HNetworkDAO.m */,
				00350FEC1C9FE27300CDF06B /* HNetworkMultiDataObj.h */,
				00350FED1C9FE27300CDF06B /* HNetworkMultiDataObj.m */,
				9E6806251C9BEBB700519539 /* HNQueueManager.h */,
				9E6806261C9BEBB700519539 /* HNQueueManager.m */,
				9E6806221C9BEBB700519539 /* HNDeserializer.h */,
				9E6806271C9BEBB700519539 /* HNJsonDeserializer.h */,
				9E6806281C9BEBB700519539 /* HNJsonDeserializer.m */,
				00350FE81C9FD61A00CDF06B /* HNetworkProvider.h */,
				00350FE91C9FDD7E00CDF06B /* HNProvider_AF2.h */,
				00350FEA1C9FDD7E00CDF06B /* HNProvider_AF2.m */,
			);
			path = Network;
			sourceTree = "<group>";
		};
		9E6806291C9BEBB700519539 /* Network+Protobuf */ = {
			isa = PBXGroup;
			children = (
				9E68062A1C9BEBB700519539 /* HNPBDeseriralizer.h */,
				9E68062B1C9BEBB700519539 /* HNPBDeseriralizer.m */,
			);
			path = "Network+Protobuf";
			sourceTree = "<group>";
		};
		9EF847671C92650300202D0E /* PBEntity */ = {
			isa = PBXGroup;
			children = (
				9EFFCCD01C950FEA008764E8 /* Photo.pbobjc.h */,
				9EFFCCD11C950FEA008764E8 /* Photo.pbobjc.m */,
				9EFFCCCD1C950BC7008764E8 /* User.pbobjc.h */,
				9EFFCCCE1C950BC7008764E8 /* User.pbobjc.m */,
				9EF8476E1C92680400202D0E /* Person.pbobjc.h */,
				9EF8476F1C92680400202D0E /* Person.pbobjc.m */,
			);
			path = PBEntity;
			sourceTree = "<group>";
		};
		9EF882261C8814F400238751 /* Mock */ = {
			isa = PBXGroup;
			children = (
				9EF882291C8816D300238751 /* HNetworkDAO.bundle */,
			);
			path = Mock;
			sourceTree = "<group>";
		};
/* End PBXGroup section */

/* Begin PBXNativeTarget section */
		00DD891A1B462D6600214FD3 /* HAccess */ = {
			isa = PBXNativeTarget;
			buildConfigurationList = 00DD893E1B462D6600214FD3 /* Build configuration list for PBXNativeTarget "HAccess" */;
			buildPhases = (
				C710932FBCB45639246F26F9 /* Check Pods Manifest.lock */,
				00DD89171B462D6600214FD3 /* Sources */,
				00DD89181B462D6600214FD3 /* Frameworks */,
				00DD89191B462D6600214FD3 /* Resources */,
				1D0782E0E2B469A1C4C0A3E5 /* Copy Pods Resources */,
			);
			buildRules = (
			);
			dependencies = (
			);
			name = HAccess;
			productName = HAccess;
			productReference = 00DD891B1B462D6600214FD3 /* HAccess.app */;
			productType = "com.apple.product-type.application";
		};
/* End PBXNativeTarget section */

/* Begin PBXProject section */
		00DD89131B462D6600214FD3 /* Project object */ = {
			isa = PBXProject;
			attributes = {
				LastUpgradeCheck = 0630;
				ORGANIZATIONNAME = zhangchutian;
				TargetAttributes = {
					00DD891A1B462D6600214FD3 = {
						CreatedOnToolsVersion = 6.3.2;
					};
				};
			};
			buildConfigurationList = 00DD89161B462D6600214FD3 /* Build configuration list for PBXProject "HAccess" */;
			compatibilityVersion = "Xcode 3.2";
			developmentRegion = English;
			hasScannedForEncodings = 0;
			knownRegions = (
				en,
				Base,
			);
			mainGroup = 00DD89121B462D6600214FD3;
			productRefGroup = 00DD891C1B462D6600214FD3 /* Products */;
			projectDirPath = "";
			projectRoot = "";
			targets = (
				00DD891A1B462D6600214FD3 /* HAccess */,
			);
		};
/* End PBXProject section */

/* Begin PBXResourcesBuildPhase section */
		00DD89191B462D6600214FD3 /* Resources */ = {
			isa = PBXResourcesBuildPhase;
			buildActionMask = 2147483647;
			files = (
				9EF8822A1C8816D300238751 /* HNetworkDAO.bundle in Resources */,
				000D80401B4A63B2007DE5AE /* bg.jpg in Resources */,
				002D86511B462EA300D1D729 /* HAccess2.sqlite in Resources */,
				00BC95CF1C27D3C30036B322 /* test.json in Resources */,
				00DD892C1B462D6600214FD3 /* Images.xcassets in Resources */,
				002D86501B462EA300D1D729 /* HAccess1.sqlite in Resources */,
			);
			runOnlyForDeploymentPostprocessing = 0;
		};
/* End PBXResourcesBuildPhase section */

/* Begin PBXShellScriptBuildPhase section */
		1D0782E0E2B469A1C4C0A3E5 /* Copy Pods Resources */ = {
			isa = PBXShellScriptBuildPhase;
			buildActionMask = 2147483647;
			files = (
			);
			inputPaths = (
			);
			name = "Copy Pods Resources";
			outputPaths = (
			);
			runOnlyForDeploymentPostprocessing = 0;
			shellPath = /bin/sh;
			shellScript = "\"${SRCROOT}/Pods/Target Support Files/Pods/Pods-resources.sh\"\n";
			showEnvVarsInLog = 0;
		};
		C710932FBCB45639246F26F9 /* Check Pods Manifest.lock */ = {
			isa = PBXShellScriptBuildPhase;
			buildActionMask = 2147483647;
			files = (
			);
			inputPaths = (
			);
			name = "Check Pods Manifest.lock";
			outputPaths = (
			);
			runOnlyForDeploymentPostprocessing = 0;
			shellPath = /bin/sh;
			shellScript = "diff \"${PODS_ROOT}/../Podfile.lock\" \"${PODS_ROOT}/Manifest.lock\" > /dev/null\nif [[ $? != 0 ]] ; then\n    cat << EOM\nerror: The sandbox is not in sync with the Podfile.lock. Run 'pod install' or update your CocoaPods installation.\nEOM\n    exit 1\nfi\n";
			showEnvVarsInLog = 0;
		};
/* End PBXShellScriptBuildPhase section */

/* Begin PBXSourcesBuildPhase section */
		00DD89171B462D6600214FD3 /* Sources */ = {
			isa = PBXSourcesBuildPhase;
			buildActionMask = 2147483647;
			files = (
				002D864D1B462EA300D1D729 /* Boss.m in Sources */,
				002D86571B462EA300D1D729 /* User.m in Sources */,
				00350FEB1C9FDD7E00CDF06B /* HNProvider_AF2.m in Sources */,
				9E68062D1C9BEBB700519539 /* HNQueueManager.m in Sources */,
				002D864E1B462EA300D1D729 /* BossLocalDao.m in Sources */,
				9EF847701C92680400202D0E /* Person.pbobjc.m in Sources */,
				00AB00A51CA4DE2A00D28CDA /* HNCustomCacheStrategy.m in Sources */,
				002D86561B462EA300D1D729 /* StudentLocalDao.m in Sources */,
				00E907851BAD11F600E10652 /* DeserializeDemo.m in Sources */,
				9E68062F1C9BEBB700519539 /* HNPBDeseriralizer.m in Sources */,
				9E68062E1C9BEBB700519539 /* HNJsonDeserializer.m in Sources */,
				002D866F1B465BFA00D1D729 /* HEntity.m in Sources */,
				002D86781B46616300D1D729 /* NetworkDaoTestVC.m in Sources */,
				00856BCB1C867CDE00AC73CD /* HDeserializableObject.m in Sources */,
				002D864F1B462EA300D1D729 /* HDBDatasource.m in Sources */,
				002D866E1B465BFA00D1D729 /* HDBMgr.m in Sources */,
				000C9B281C90326C009D6EE0 /* TestNetworkDAO.m in Sources */,
				002D86551B462EA300D1D729 /* Student.m in Sources */,
				002D865C1B465ABC00D1D729 /* MenuVC.m in Sources */,
				9E68062C1C9BEBB700519539 /* HNetworkDAO.m in Sources */,
				00DD89241B462D6600214FD3 /* AppDelegate.m in Sources */,
				00AB00A21CA4DDF700D28CDA /* HNSystemCacheStrategy.m in Sources */,
				9EFFCCC91C945F96008764E8 /* PBTestNetworkDAO.m in Sources */,
				00DC44621C9BAD940036282E /* HEntity+Persistence.m in Sources */,
				002D866D1B465BFA00D1D729 /* HDatabaseDAO.m in Sources */,
				9EFFCCCF1C950BC7008764E8 /* User.pbobjc.m in Sources */,
				00769C111BA866980022878B /* HPropertyMgr.m in Sources */,
				00786CFB1B96D0F4005A8247 /* TestEntity1.m in Sources */,
				00DD89211B462D6600214FD3 /* main.m in Sources */,
				00350FEE1C9FE27300CDF06B /* HNetworkMultiDataObj.m in Sources */,
				002D86581B462EA300D1D729 /* UserLocalDao.m in Sources */,
				9EF847661C92637900202D0E /* PBNetworkDaoTestVC.m in Sources */,
				9EFFCCD21C950FEA008764E8 /* Photo.pbobjc.m in Sources */,
			);
			runOnlyForDeploymentPostprocessing = 0;
		};
/* End PBXSourcesBuildPhase section */

/* Begin XCBuildConfiguration section */
		00DD893C1B462D6600214FD3 /* Debug */ = {
			isa = XCBuildConfiguration;
			buildSettings = {
				ALWAYS_SEARCH_USER_PATHS = NO;
				CLANG_CXX_LANGUAGE_STANDARD = "gnu++0x";
				CLANG_CXX_LIBRARY = "libc++";
				CLANG_ENABLE_MODULES = YES;
				CLANG_ENABLE_OBJC_ARC = YES;
				CLANG_WARN_BOOL_CONVERSION = YES;
				CLANG_WARN_CONSTANT_CONVERSION = YES;
				CLANG_WARN_DIRECT_OBJC_ISA_USAGE = YES_ERROR;
				CLANG_WARN_EMPTY_BODY = YES;
				CLANG_WARN_ENUM_CONVERSION = YES;
				CLANG_WARN_INT_CONVERSION = YES;
				CLANG_WARN_OBJC_ROOT_CLASS = YES_ERROR;
				CLANG_WARN_UNREACHABLE_CODE = YES;
				CLANG_WARN__DUPLICATE_METHOD_MATCH = YES;
				"CODE_SIGN_IDENTITY[sdk=iphoneos*]" = "iPhone Developer";
				COPY_PHASE_STRIP = NO;
				DEBUG_INFORMATION_FORMAT = "dwarf-with-dsym";
				ENABLE_STRICT_OBJC_MSGSEND = YES;
				GCC_C_LANGUAGE_STANDARD = gnu99;
				GCC_DYNAMIC_NO_PIC = NO;
				GCC_NO_COMMON_BLOCKS = YES;
				GCC_OPTIMIZATION_LEVEL = 0;
				GCC_PREPROCESSOR_DEFINITIONS = (
					"DEBUG=1",
					"$(inherited)",
				);
				GCC_SYMBOLS_PRIVATE_EXTERN = NO;
				GCC_WARN_64_TO_32_BIT_CONVERSION = YES;
				GCC_WARN_ABOUT_RETURN_TYPE = YES_ERROR;
				GCC_WARN_UNDECLARED_SELECTOR = YES;
				GCC_WARN_UNINITIALIZED_AUTOS = YES_AGGRESSIVE;
				GCC_WARN_UNUSED_FUNCTION = YES;
				GCC_WARN_UNUSED_VARIABLE = YES;
				IPHONEOS_DEPLOYMENT_TARGET = 8.3;
				MTL_ENABLE_DEBUG_INFO = YES;
				ONLY_ACTIVE_ARCH = YES;
				SDKROOT = iphoneos;
				TARGETED_DEVICE_FAMILY = "1,2";
			};
			name = Debug;
		};
		00DD893D1B462D6600214FD3 /* Release */ = {
			isa = XCBuildConfiguration;
			buildSettings = {
				ALWAYS_SEARCH_USER_PATHS = NO;
				CLANG_CXX_LANGUAGE_STANDARD = "gnu++0x";
				CLANG_CXX_LIBRARY = "libc++";
				CLANG_ENABLE_MODULES = YES;
				CLANG_ENABLE_OBJC_ARC = YES;
				CLANG_WARN_BOOL_CONVERSION = YES;
				CLANG_WARN_CONSTANT_CONVERSION = YES;
				CLANG_WARN_DIRECT_OBJC_ISA_USAGE = YES_ERROR;
				CLANG_WARN_EMPTY_BODY = YES;
				CLANG_WARN_ENUM_CONVERSION = YES;
				CLANG_WARN_INT_CONVERSION = YES;
				CLANG_WARN_OBJC_ROOT_CLASS = YES_ERROR;
				CLANG_WARN_UNREACHABLE_CODE = YES;
				CLANG_WARN__DUPLICATE_METHOD_MATCH = YES;
				"CODE_SIGN_IDENTITY[sdk=iphoneos*]" = "iPhone Developer";
				COPY_PHASE_STRIP = NO;
				DEBUG_INFORMATION_FORMAT = "dwarf-with-dsym";
				ENABLE_NS_ASSERTIONS = NO;
				ENABLE_STRICT_OBJC_MSGSEND = YES;
				GCC_C_LANGUAGE_STANDARD = gnu99;
				GCC_NO_COMMON_BLOCKS = YES;
				GCC_WARN_64_TO_32_BIT_CONVERSION = YES;
				GCC_WARN_ABOUT_RETURN_TYPE = YES_ERROR;
				GCC_WARN_UNDECLARED_SELECTOR = YES;
				GCC_WARN_UNINITIALIZED_AUTOS = YES_AGGRESSIVE;
				GCC_WARN_UNUSED_FUNCTION = YES;
				GCC_WARN_UNUSED_VARIABLE = YES;
				IPHONEOS_DEPLOYMENT_TARGET = 8.3;
				MTL_ENABLE_DEBUG_INFO = NO;
				SDKROOT = iphoneos;
				TARGETED_DEVICE_FAMILY = "1,2";
				VALIDATE_PRODUCT = YES;
			};
			name = Release;
		};
		00DD893F1B462D6600214FD3 /* Debug */ = {
			isa = XCBuildConfiguration;
			baseConfigurationReference = 8B3F5E34E5262575100D707F /* Pods.debug.xcconfig */;
			buildSettings = {
				ASSETCATALOG_COMPILER_APPICON_NAME = AppIcon;
				ASSETCATALOG_COMPILER_LAUNCHIMAGE_NAME = LaunchImage;
				FRAMEWORK_SEARCH_PATHS = (
					"$(inherited)",
					"$(PROJECT_DIR)/Demo/objectivec",
				);
				GCC_PREFIX_HEADER = "";
				HEADER_SEARCH_PATHS = (
					"$(inherited)",
					"\"${PODS_ROOT}/Headers/Public\"",
					"\"${PODS_ROOT}/Headers/Public/AFNetworking\"",
					"\"${PODS_ROOT}/Headers/Public/FMDB\"",
					"\"${PODS_ROOT}/Headers/Public/HCache\"",
					"\"${PODS_ROOT}/Headers/Public/HTestVC\"",
					"\"${PODS_ROOT}/Headers/Public/HTextInput\"",
					"\"${PODS_ROOT}/Headers/Public/Hodor\"",
				);
				INFOPLIST_FILE = HAccess/Info.plist;
				IPHONEOS_DEPLOYMENT_TARGET = 7.0;
				LD_RUNPATH_SEARCH_PATHS = "$(inherited) @executable_path/Frameworks";
				LIBRARY_SEARCH_PATHS = (
					"$(inherited)",
					"$(PROJECT_DIR)/build/Debug-iphoneos",
					"$(PROJECT_DIR)/Demo",
				);
				PRODUCT_NAME = "$(TARGET_NAME)";
			};
			name = Debug;
		};
		00DD89401B462D6600214FD3 /* Release */ = {
			isa = XCBuildConfiguration;
			baseConfigurationReference = 63DFD70F3DB6B40DCC91924E /* Pods.release.xcconfig */;
			buildSettings = {
				ASSETCATALOG_COMPILER_APPICON_NAME = AppIcon;
				ASSETCATALOG_COMPILER_LAUNCHIMAGE_NAME = LaunchImage;
				FRAMEWORK_SEARCH_PATHS = (
					"$(inherited)",
					"$(PROJECT_DIR)/Demo/objectivec",
				);
				GCC_PREFIX_HEADER = "";
				HEADER_SEARCH_PATHS = (
					"$(inherited)",
					"\"${PODS_ROOT}/Headers/Public\"",
					"\"${PODS_ROOT}/Headers/Public/AFNetworking\"",
					"\"${PODS_ROOT}/Headers/Public/FMDB\"",
					"\"${PODS_ROOT}/Headers/Public/HCache\"",
					"\"${PODS_ROOT}/Headers/Public/HTestVC\"",
					"\"${PODS_ROOT}/Headers/Public/HTextInput\"",
					"\"${PODS_ROOT}/Headers/Public/Hodor\"",
				);
				INFOPLIST_FILE = HAccess/Info.plist;
				IPHONEOS_DEPLOYMENT_TARGET = 7.0;
				LD_RUNPATH_SEARCH_PATHS = "$(inherited) @executable_path/Frameworks";
				LIBRARY_SEARCH_PATHS = (
					"$(inherited)",
					"$(PROJECT_DIR)/build/Debug-iphoneos",
					"$(PROJECT_DIR)/Demo",
				);
				PRODUCT_NAME = "$(TARGET_NAME)";
			};
			name = Release;
		};
/* End XCBuildConfiguration section */

/* Begin XCConfigurationList section */
		00DD89161B462D6600214FD3 /* Build configuration list for PBXProject "HAccess" */ = {
			isa = XCConfigurationList;
			buildConfigurations = (
				00DD893C1B462D6600214FD3 /* Debug */,
				00DD893D1B462D6600214FD3 /* Release */,
			);
			defaultConfigurationIsVisible = 0;
			defaultConfigurationName = Release;
		};
		00DD893E1B462D6600214FD3 /* Build configuration list for PBXNativeTarget "HAccess" */ = {
			isa = XCConfigurationList;
			buildConfigurations = (
				00DD893F1B462D6600214FD3 /* Debug */,
				00DD89401B462D6600214FD3 /* Release */,
			);
			defaultConfigurationIsVisible = 0;
			defaultConfigurationName = Release;
		};
/* End XCConfigurationList section */
	};
	rootObject = 00DD89131B462D6600214FD3 /* Project object */;
}
